{
  "requires": true,
  "lockfileVersion": 1,
  "dependencies": {
    "harmony-reflect": {
      "version": "1.6.1",
      "resolved": "https://registry.npmjs.org/harmony-reflect/-/harmony-reflect-1.6.1.tgz",
      "integrity": "sha512-WJTeyp0JzGtHcuMsi7rw2VwtkvLa+JyfEKJCFyfcS0+CDkjQ5lHPu7zEhFZP+PDSRrEgXa5Ah0l1MbgbE41XjA=="
    },
    "mongoose-schema-extend": {
      "version": "0.2.2",
      "resolved": "https://registry.npmjs.org/mongoose-schema-extend/-/mongoose-schema-extend-0.2.2.tgz",
      "integrity": "sha1-9j3TE8Qio4cfVWnjaw0oyhoiRjE=",
      "requires": {
        "harmony-reflect": "^1.4.2",
        "owl-deepcopy": "~0.0.1"
      }
    },
    "owl-deepcopy": {
      "version": "0.0.6",
      "resolved": "https://registry.npmjs.org/owl-deepcopy/-/owl-deepcopy-0.0.6.tgz",
      "integrity": "sha1-5hxpNK8KOMJVvpXlx+4/qPrKrOM="
    }
  }
}
